
Microsoft Visual Studio Solution File, Format Version 12.00
# Visual Studio Version 16
VisualStudioVersion = 16.0.31624.102
MinimumVisualStudioVersion = 10.0.40219.1
Project("{2150E333-8FDC-42A3-9474-1A3956D46DE8}") = "Services", "Services", "{14EB3979-0553-4976-9117-9A162382AFC6}"
EndProject
Project("{2150E333-8FDC-42A3-9474-1A3956D46DE8}") = "Catalog", "Catalog", "{6C766E95-A250-43F3-930F-BF25B88039CE}"
EndProject
Project("{FAE04EC0-301F-11D3-BF4B-00C04F79EFBC}") = "Catalog.API", "Services\Catalog\Catalog.API\Catalog.API.csproj", "{84C97670-5042-41C7-B0FF-43A019E31B9C}"
EndProject
Global
	GlobalSection(SolutionConfigurationPlatforms) = preSolution
		Debug|Any CPU = Debug|Any CPU
		Release|Any CPU = Release|Any CPU
	EndGlobalSection
	GlobalSection(ProjectConfigurationPlatforms) = postSolution
		{84C97670-5042-41C7-B0FF-43A019E31B9C}.Debug|Any CPU.ActiveCfg = Debug|Any CPU
		{84C97670-5042-41C7-B0FF-43A019E31B9C}.Debug|Any CPU.Build.0 = Debug|Any CPU
		{84C97670-5042-41C7-B0FF-43A019E31B9C}.Release|Any CPU.ActiveCfg = Release|Any CPU
		{84C97670-5042-41C7-B0FF-43A019E31B9C}.Release|Any CPU.Build.0 = Release|Any CPU
	EndGlobalSection
	GlobalSection(SolutionProperties) = preSolution
		HideSolutionNode = FALSE
	EndGlobalSection
	GlobalSection(NestedProjects) = preSolution
		{6C766E95-A250-43F3-930F-BF25B88039CE} = {14EB3979-0553-4976-9117-9A162382AFC6}
		{84C97670-5042-41C7-B0FF-43A019E31B9C} = {6C766E95-A250-43F3-930F-BF25B88039CE}
	EndGlobalSection
	GlobalSection(ExtensibilityGlobals) = postSolution
		SolutionGuid = {22E74DF0-3459-4D36-A453-2654CA7B4536}
	EndGlobalSection
EndGlobal
